{
  "name": "@yoavain/p2",
  "version": "0.0.1",
  "lockfileVersion": 2,
  "requires": true,
  "packages": {
    "": {
      "name": "@yoavain/p2",
      "version": "0.0.1",
      "dependencies": {
        "@yoavain/p1": "file:../p1"
      }
    },
    "../p1": {
      "version": "0.0.1",
      "dependencies": {
        "chalk": "5.0.1"
      }
    },
    "node_modules/@yoavain/p1": {
      "resolved": "../p1",
      "link": true
    }
  },
  "dependencies": {
    "@yoavain/p1": {
      "version": "file:../p1",
      "requires": {
        "chalk": "5.0.1"
      }
    }
  }
}
